# This file is autogenerated, do not edit; changes may be undone by the next 'dep ensure'.


[[projects]]
  branch = "master"
  digest = "1:b5ac9ed79a83cdc7f69442236764aa4d42acdb00db3dfe27145072b9c7136b9d"
  name = "github.com/gotk3/gotk3"
  packages = [
    "cairo",
    "gdk",
    "glib",
    "gtk",
    "pango",
  ]
  pruneopts = "UT"
  revision = "6dcdf9e5c51e982e099eea798c95faea42def17d"

[[projects]]
  digest = "1:5eceb004ea2572663c3c067fe4b3d48548c4576b7c04143b53ac7446f16df2f5"
  name = "github.com/linuxdeepin/go-x11-client"
  packages = [
    ".",
    "util/keybind",
    "util/keysyms",
    "util/mousebind",
  ]
  pruneopts = "UT"
  revision = "7ad263482560f77d8ec599bb51d6ef56c03af315"
  version = "0.4.1"

[[projects]]
  branch = "master"
  digest = "1:a45c3b83d39a5b86d8962fcf4c6d0dc1505e87256756e5744669711193bbf84e"
  name = "github.com/msteinert/pam"
  packages = ["."]
  pruneopts = "UT"
  revision = "f29b9f28d6f9a1f6c4e6fd5db731999eb946574b"

[solve-meta]
  analyzer-name = "dep"
  analyzer-version = 1
  input-imports = [
    "github.com/gotk3/gotk3/cairo",
    "github.com/gotk3/gotk3/gdk",
    "github.com/gotk3/gotk3/gtk",
    "github.com/linuxdeepin/go-x11-client",
    "github.com/linuxdeepin/go-x11-client/util/keybind",
    "github.com/linuxdeepin/go-x11-client/util/keysyms",
    "github.com/linuxdeepin/go-x11-client/util/mousebind",
    "github.com/msteinert/pam",
  ]
  solver-name = "gps-cdcl"
  solver-version = 1
